
Microsoft Visual Studio Solution File, Format Version 12.00
# Visual Studio 15
VisualStudioVersion = 15.0.28307.705
MinimumVisualStudioVersion = 10.0.40219.1
Project("{FAE04EC0-301F-11D3-BF4B-00C04F79EFBC}") = "Challenger.Web", "Challenger.Web\Challenger.Web.csproj", "{A704A14D-3946-4250-A6A9-1230873AB855}"
EndProject
Global
	GlobalSection(SolutionConfigurationPlatforms) = preSolution
		Debug|Any CPU = Debug|Any CPU
		Release|Any CPU = Release|Any CPU
	EndGlobalSection
	GlobalSection(ProjectConfigurationPlatforms) = postSolution
		{A704A14D-3946-4250-A6A9-1230873AB855}.Debug|Any CPU.ActiveCfg = Debug|Any CPU
		{A704A14D-3946-4250-A6A9-1230873AB855}.Debug|Any CPU.Build.0 = Debug|Any CPU
		{A704A14D-3946-4250-A6A9-1230873AB855}.Release|Any CPU.ActiveCfg = Release|Any CPU
		{A704A14D-3946-4250-A6A9-1230873AB855}.Release|Any CPU.Build.0 = Release|Any CPU
	EndGlobalSection
	GlobalSection(SolutionProperties) = preSolution
		HideSolutionNode = FALSE
	EndGlobalSection
	GlobalSection(ExtensibilityGlobals) = postSolution
		SolutionGuid = {7F40A43C-9D21-42FE-9E28-84A7CA370148}
	EndGlobalSection
EndGlobal
